
Microsoft Visual Studio Solution File, Format Version 12.00
# Visual Studio 15
VisualStudioVersion = 15.0.28010.2026
MinimumVisualStudioVersion = 10.0.40219.1
Project("{FAE04EC0-301F-11D3-BF4B-00C04F79EFBC}") = "FileManagment", "FileManagment\FileManagment.csproj", "{6D215C91-EC2B-4235-B8A9-6C5AE1C9F744}"
EndProject
Project("{FAE04EC0-301F-11D3-BF4B-00C04F79EFBC}") = "FileDistributorService", "FileDistributorService\FileDistributorService.csproj", "{B8946A2A-0006-49FA-846B-533C6C1E0894}"
EndProject
Project("{FAE04EC0-301F-11D3-BF4B-00C04F79EFBC}") = "FileDistributor.Logger", "FileDistributor.Logger\FileDistributor.Logger.csproj", "{BC2CD7DA-A9A0-4426-B5A1-1C3DDDF3E760}"
EndProject
Global
	GlobalSection(SolutionConfigurationPlatforms) = preSolution
		Debug|Any CPU = Debug|Any CPU
		Release|Any CPU = Release|Any CPU
	EndGlobalSection
	GlobalSection(ProjectConfigurationPlatforms) = postSolution
		{6D215C91-EC2B-4235-B8A9-6C5AE1C9F744}.Debug|Any CPU.ActiveCfg = Debug|Any CPU
		{6D215C91-EC2B-4235-B8A9-6C5AE1C9F744}.Debug|Any CPU.Build.0 = Debug|Any CPU
		{6D215C91-EC2B-4235-B8A9-6C5AE1C9F744}.Release|Any CPU.ActiveCfg = Release|Any CPU
		{6D215C91-EC2B-4235-B8A9-6C5AE1C9F744}.Release|Any CPU.Build.0 = Release|Any CPU
		{B8946A2A-0006-49FA-846B-533C6C1E0894}.Debug|Any CPU.ActiveCfg = Debug|Any CPU
		{B8946A2A-0006-49FA-846B-533C6C1E0894}.Debug|Any CPU.Build.0 = Debug|Any CPU
		{B8946A2A-0006-49FA-846B-533C6C1E0894}.Release|Any CPU.ActiveCfg = Release|Any CPU
		{B8946A2A-0006-49FA-846B-533C6C1E0894}.Release|Any CPU.Build.0 = Release|Any CPU
		{BC2CD7DA-A9A0-4426-B5A1-1C3DDDF3E760}.Debug|Any CPU.ActiveCfg = Debug|Any CPU
		{BC2CD7DA-A9A0-4426-B5A1-1C3DDDF3E760}.Debug|Any CPU.Build.0 = Debug|Any CPU
		{BC2CD7DA-A9A0-4426-B5A1-1C3DDDF3E760}.Release|Any CPU.ActiveCfg = Release|Any CPU
		{BC2CD7DA-A9A0-4426-B5A1-1C3DDDF3E760}.Release|Any CPU.Build.0 = Release|Any CPU
	EndGlobalSection
	GlobalSection(SolutionProperties) = preSolution
		HideSolutionNode = FALSE
	EndGlobalSection
	GlobalSection(ExtensibilityGlobals) = postSolution
		SolutionGuid = {423E6B5B-22F3-44AA-A89B-84AC94704A29}
	EndGlobalSection
EndGlobal
